PATH
  remote: .
  specs:
    tang (0.2.4)
      aasm (>= 4.11, < 6.0)
      paper_trail (~> 12.0)
      rails (>= 6, < 8)
      stripe (~> 5.55)
      stripe_event (~> 2.3)
      will_paginate (~> 3.1)

GEM
  remote: https://rubygems.org/
  specs:
    aasm (5.5.2)
      concurrent-ruby (~> 1.0)
    actioncable (7.2.3)
      actionpack (= 7.2.3)
      activesupport (= 7.2.3)
      nio4r (~> 2.0)
      websocket-driver (>= 0.6.1)
      zeitwerk (~> 2.6)
    actionmailbox (7.2.3)
      actionpack (= 7.2.3)
      activejob (= 7.2.3)
      activerecord (= 7.2.3)
      activestorage (= 7.2.3)
      activesupport (= 7.2.3)
      mail (>= 2.8.0)
    actionmailer (7.2.3)
      actionpack (= 7.2.3)
      actionview (= 7.2.3)
      activejob (= 7.2.3)
      activesupport (= 7.2.3)
      mail (>= 2.8.0)
      rails-dom-testing (~> 2.2)
    actionpack (7.2.3)
      actionview (= 7.2.3)
      activesupport (= 7.2.3)
      cgi
      nokogiri (>= 1.8.5)
      racc
      rack (>= 2.2.4, < 3.3)
      rack-session (>= 1.0.1)
      rack-test (>= 0.6.3)
      rails-dom-testing (~> 2.2)
      rails-html-sanitizer (~> 1.6)
      useragent (~> 0.16)
    actiontext (7.2.3)
      actionpack (= 7.2.3)
      activerecord (= 7.2.3)
      activestorage (= 7.2.3)
      activesupport (= 7.2.3)
      globalid (>= 0.6.0)
      nokogiri (>= 1.8.5)
    actionview (7.2.3)
      activesupport (= 7.2.3)
      builder (~> 3.1)
      cgi
      erubi (~> 1.11)
      rails-dom-testing (~> 2.2)
      rails-html-sanitizer (~> 1.6)
    activejob (7.2.3)
      activesupport (= 7.2.3)
      globalid (>= 0.3.6)
    activemodel (7.2.3)
      activesupport (= 7.2.3)
    activerecord (7.2.3)
      activemodel (= 7.2.3)
      activesupport (= 7.2.3)
      timeout (>= 0.4.0)
    activestorage (7.2.3)
      actionpack (= 7.2.3)
      activejob (= 7.2.3)
      activerecord (= 7.2.3)
      activesupport (= 7.2.3)
      marcel (~> 1.0)
    activesupport (7.2.3)
      base64
      benchmark (>= 0.3)
      bigdecimal
      concurrent-ruby (~> 1.0, >= 1.3.1)
      connection_pool (>= 2.2.5)
      drb
      i18n (>= 1.6, < 2)
      logger (>= 1.4.2)
      minitest (>= 5.1)
      securerandom (>= 0.3)
      tzinfo (~> 2.0, >= 2.0.5)
    addressable (2.8.9)
      public_suffix (>= 2.0.2, < 8.0)
    ast (2.4.3)
    base64 (0.3.0)
    bcrypt (3.1.22)
    benchmark (0.5.0)
    bigdecimal (4.0.1)
    bootstrap (5.3.8)
      popper_js (>= 2.11.8, < 3)
    brakeman (5.4.1)
    builder (3.3.0)
    capybara (3.40.0)
      addressable
      matrix
      mini_mime (>= 0.1.3)
      nokogiri (~> 1.11)
      rack (>= 1.6.0)
      rack-test (>= 0.6.3)
      regexp_parser (>= 1.5, < 3.0)
      xpath (~> 3.2)
    cgi (0.5.1)
    cliver (0.3.2)
    code_analyzer (0.5.5)
      sexp_processor
    codeclimate-test-reporter (1.0.9)
      simplecov (<= 0.13)
    concurrent-ruby (1.3.6)
    connection_pool (3.0.2)
    crass (1.0.6)
    cucumber (10.2.0)
      base64 (~> 0.2)
      builder (~> 3.2)
      cucumber-ci-environment (> 9, < 12)
      cucumber-core (> 15, < 17)
      cucumber-cucumber-expressions (> 17, < 20)
      cucumber-html-formatter (> 21, < 23)
      diff-lcs (~> 1.5)
      logger (~> 1.6)
      mini_mime (~> 1.1)
      multi_test (~> 1.1)
      sys-uname (~> 1.3)
    cucumber-ci-environment (11.0.0)
    cucumber-core (16.2.0)
      cucumber-gherkin (> 36, < 40)
      cucumber-messages (> 31, < 33)
      cucumber-tag-expressions (> 6, < 9)
    cucumber-cucumber-expressions (19.0.0)
      bigdecimal
    cucumber-gherkin (39.0.0)
      cucumber-messages (>= 31, < 33)
    cucumber-html-formatter (22.3.0)
      cucumber-messages (> 23, < 33)
    cucumber-messages (32.2.0)
    cucumber-rails (4.0.1)
      capybara (>= 3.25, < 4)
      cucumber (>= 7, < 11)
      railties (>= 6.1, < 9)
    cucumber-tag-expressions (8.1.0)
    dante (0.2.0)
    database_cleaner (2.1.0)
      database_cleaner-active_record (>= 2, < 3)
    database_cleaner-active_record (2.2.2)
      activerecord (>= 5.a)
      database_cleaner-core (~> 2.0)
    database_cleaner-core (2.0.1)
    date (3.5.1)
    devise (4.9.4)
      bcrypt (~> 3.0)
      orm_adapter (~> 0.1)
      railties (>= 4.1.0)
      responders
      warden (~> 1.2.3)
    diff-lcs (1.6.2)
    docile (1.1.5)
    dotenv (2.8.1)
    dotenv-rails (2.8.1)
      dotenv (= 2.8.1)
      railties (>= 3.2)
    drb (2.2.3)
    erb (6.0.2)
    erubi (1.13.1)
    erubis (2.7.0)
    factory_bot (6.5.6)
      activesupport (>= 6.1.0)
    factory_bot_rails (6.5.1)
      factory_bot (~> 6.5)
      railties (>= 6.1.0)
    ffi (1.17.3-aarch64-linux-gnu)
    ffi (1.17.3-aarch64-linux-musl)
    ffi (1.17.3-arm-linux-gnu)
    ffi (1.17.3-arm-linux-musl)
    ffi (1.17.3-arm64-darwin)
    ffi (1.17.3-x86_64-darwin)
    ffi (1.17.3-x86_64-linux-gnu)
    ffi (1.17.3-x86_64-linux-musl)
    globalid (1.3.0)
      activesupport (>= 6.1)
    i18n (1.14.8)
      concurrent-ruby (~> 1.0)
    io-console (0.8.2)
    irb (1.17.0)
      pp (>= 0.6.0)
      prism (>= 1.3.0)
      rdoc (>= 4.0.0)
      reline (>= 0.4.2)
    json (2.19.2)
    json-schema (6.2.0)
      addressable (~> 2.8)
      bigdecimal (>= 3.1, < 5)
    language_server-protocol (3.17.0.5)
    lint_roller (1.1.0)
    logger (1.7.0)
    loofah (2.25.1)
      crass (~> 1.0.2)
      nokogiri (>= 1.12.0)
    mail (2.9.0)
      logger
      mini_mime (>= 0.1.1)
      net-imap
      net-pop
      net-smtp
    marcel (1.1.0)
    matrix (0.4.3)
    mcp (0.9.0)
      json-schema (>= 4.1)
    memoist3 (1.0.0)
    mini_mime (1.1.5)
    minitest (6.0.2)
      drb (~> 2.0)
      prism (~> 1.5)
    multi_json (1.19.1)
    multi_test (1.1.0)
    net-imap (0.6.3)
      date
      net-protocol
    net-pop (0.1.2)
      net-protocol
    net-protocol (0.2.2)
      timeout
    net-smtp (0.5.1)
      net-protocol
    nio4r (2.7.5)
    nokogiri (1.19.2-aarch64-linux-gnu)
      racc (~> 1.4)
    nokogiri (1.19.2-aarch64-linux-musl)
      racc (~> 1.4)
    nokogiri (1.19.2-arm-linux-gnu)
      racc (~> 1.4)
    nokogiri (1.19.2-arm-linux-musl)
      racc (~> 1.4)
    nokogiri (1.19.2-arm64-darwin)
      racc (~> 1.4)
    nokogiri (1.19.2-x86_64-darwin)
      racc (~> 1.4)
    nokogiri (1.19.2-x86_64-linux-gnu)
      racc (~> 1.4)
    nokogiri (1.19.2-x86_64-linux-musl)
      racc (~> 1.4)
    orm_adapter (0.5.0)
    paper_trail (12.3.0)
      activerecord (>= 5.2)
      request_store (~> 1.1)
    parallel (1.27.0)
    parser (3.3.10.2)
      ast (~> 2.4.1)
      racc
    pg (1.6.3)
    pg (1.6.3-aarch64-linux)
    pg (1.6.3-aarch64-linux-musl)
    pg (1.6.3-arm64-darwin)
    pg (1.6.3-x86_64-darwin)
    pg (1.6.3-x86_64-linux)
    pg (1.6.3-x86_64-linux-musl)
    poltergeist (1.18.1)
      capybara (>= 2.1, < 4)
      cliver (~> 0.3.1)
      websocket-driver (>= 0.2.0)
    popper_js (2.11.8)
    pp (0.6.3)
      prettyprint
    prettyprint (0.2.0)
    prism (1.9.0)
    psych (5.3.1)
      date
      stringio
    public_suffix (7.0.5)
    puma (7.2.0)
      nio4r (~> 2.0)
    racc (1.8.1)
    rack (3.2.5)
    rack-proxy (0.7.7)
      rack
    rack-session (2.1.1)
      base64 (>= 0.1.0)
      rack (>= 3.0.0)
    rack-test (2.2.0)
      rack (>= 1.3)
    rackup (2.3.1)
      rack (>= 3)
    rails (7.2.3)
      actioncable (= 7.2.3)
      actionmailbox (= 7.2.3)
      actionmailer (= 7.2.3)
      actionpack (= 7.2.3)
      actiontext (= 7.2.3)
      actionview (= 7.2.3)
      activejob (= 7.2.3)
      activemodel (= 7.2.3)
      activerecord (= 7.2.3)
      activestorage (= 7.2.3)
      activesupport (= 7.2.3)
      bundler (>= 1.15.0)
      railties (= 7.2.3)
    rails-controller-testing (1.0.5)
      actionpack (>= 5.0.1.rc1)
      actionview (>= 5.0.1.rc1)
      activesupport (>= 5.0.1.rc1)
    rails-dom-testing (2.3.0)
      activesupport (>= 5.0.0)
      minitest
      nokogiri (>= 1.6)
    rails-html-sanitizer (1.7.0)
      loofah (~> 2.25)
      nokogiri (>= 1.15.7, != 1.16.7, != 1.16.6, != 1.16.5, != 1.16.4, != 1.16.3, != 1.16.2, != 1.16.1, != 1.16.0.rc1, != 1.16.0)
    rails_12factor (0.0.3)
      rails_serve_static_assets
      rails_stdout_logging
    rails_best_practices (1.23.3)
      activesupport
      code_analyzer (~> 0.5.5)
      erubis
      i18n
      json
      require_all (~> 3.0)
      ruby-progressbar
    rails_serve_static_assets (0.0.5)
    rails_stdout_logging (0.0.5)
    railties (7.2.3)
      actionpack (= 7.2.3)
      activesupport (= 7.2.3)
      cgi
      irb (~> 1.13)
      rackup (>= 1.0.0)
      rake (>= 12.2)
      thor (~> 1.0, >= 1.2.2)
      tsort (>= 0.2)
      zeitwerk (~> 2.6)
    rainbow (3.1.1)
    rake (13.3.1)
    rdoc (7.2.0)
      erb
      psych (>= 4.0.0)
      tsort
    regexp_parser (2.11.3)
    reline (0.6.3)
      io-console (~> 0.5)
    request_store (1.7.0)
      rack (>= 1.4)
    require_all (3.0.0)
    responders (3.2.0)
      actionpack (>= 7.0)
      railties (>= 7.0)
    rspec-core (3.13.6)
      rspec-support (~> 3.13.0)
    rspec-expectations (3.13.5)
      diff-lcs (>= 1.2.0, < 2.0)
      rspec-support (~> 3.13.0)
    rspec-mocks (3.13.8)
      diff-lcs (>= 1.2.0, < 2.0)
      rspec-support (~> 3.13.0)
    rspec-rails (6.0.4)
      actionpack (>= 6.1)
      activesupport (>= 6.1)
      railties (>= 6.1)
      rspec-core (~> 3.12)
      rspec-expectations (~> 3.12)
      rspec-mocks (~> 3.12)
      rspec-support (~> 3.12)
    rspec-support (3.13.7)
    rubocop (1.85.1)
      json (~> 2.3)
      language_server-protocol (~> 3.17.0.2)
      lint_roller (~> 1.1.0)
      mcp (~> 0.6)
      parallel (~> 1.10)
      parser (>= 3.3.0.2)
      rainbow (>= 2.2.2, < 4.0)
      regexp_parser (>= 2.9.3, < 3.0)
      rubocop-ast (>= 1.49.0, < 2.0)
      ruby-progressbar (~> 1.7)
      unicode-display_width (>= 2.4.0, < 4.0)
    rubocop-ast (1.49.1)
      parser (>= 3.3.7.2)
      prism (~> 1.7)
    ruby-progressbar (1.13.0)
    sass-rails (6.0.0)
      sassc-rails (~> 2.1, >= 2.1.1)
    sassc (2.4.0)
      ffi (~> 1.9)
    sassc-rails (2.1.2)
      railties (>= 4.0.0)
      sassc (>= 2.0)
      sprockets (> 3.0)
      sprockets-rails
      tilt
    securerandom (0.4.1)
    semantic_range (3.1.1)
    sexp_processor (4.17.5)
    simplecov (0.13.0)
      docile (~> 1.1.0)
      json (>= 1.8, < 3)
      simplecov-html (~> 0.10.0)
    simplecov-html (0.10.2)
    sprockets (4.2.2)
      concurrent-ruby (~> 1.0)
      logger
      rack (>= 2.2.4, < 4)
    sprockets-rails (3.5.2)
      actionpack (>= 6.1)
      activesupport (>= 6.1)
      sprockets (>= 3.0.0)
    stringio (3.2.0)
    stripe (5.55.0)
    stripe-ruby-mock (3.1.0)
      dante (>= 0.2.0)
      multi_json (~> 1.0)
      stripe (> 5, < 6)
    stripe_event (2.14.0)
      activesupport (>= 3.1)
      stripe (>= 2.8, < 19)
    sys-uname (1.5.1)
      ffi (~> 1.1)
      memoist3 (~> 1.0.0)
    thor (1.5.0)
    tilt (2.7.0)
    timeout (0.6.1)
    tsort (0.2.0)
    tzinfo (2.0.6)
      concurrent-ruby (~> 1.0)
    unicode-display_width (3.2.0)
      unicode-emoji (~> 4.1)
    unicode-emoji (4.2.0)
    useragent (0.16.11)
    warden (1.2.9)
      rack (>= 2.0.9)
    webpacker (6.0.0.rc.6)
      activesupport (>= 5.2)
      rack-proxy (>= 0.6.1)
      railties (>= 5.2)
      semantic_range (>= 2.3.0)
    websocket-driver (0.8.0)
      base64
      websocket-extensions (>= 0.1.0)
    websocket-extensions (0.1.5)
    will_paginate (3.3.1)
    xpath (3.2.0)
      nokogiri (~> 1.8)
    zeitwerk (2.7.5)

PLATFORMS
  aarch64-linux
  aarch64-linux-gnu
  aarch64-linux-musl
  arm-linux-gnu
  arm-linux-musl
  arm64-darwin
  x86_64-darwin
  x86_64-linux
  x86_64-linux-gnu
  x86_64-linux-musl

DEPENDENCIES
  bootstrap (~> 5.2)
  brakeman (~> 5.4)
  codeclimate-test-reporter
  cucumber-rails
  database_cleaner
  devise (~> 4.9)
  dotenv-rails (~> 2.8)
  factory_bot_rails
  pg (~> 1.4)
  poltergeist
  puma
  rails-controller-testing
  rails_12factor
  rails_best_practices (~> 1.17)
  rspec-rails (~> 6.0.1)
  rubocop
  sass-rails (~> 6.0)
  stripe-ruby-mock (~> 3.1.0)
  tang!
  webpacker (~> 6.rc)

CHECKSUMS
  aasm (5.5.2) sha256=a3b874b33d9cbb3be4a2c77185c340a07fb46d7cd31911cbc49337e31d12612f
  actioncable (7.2.3) sha256=e15d17b245f1dfe7cafdda4a0c6f7ba8ebaab1af33884415e09cfef4e93ad4f9
  actionmailbox (7.2.3) sha256=16bbf0a7c330f2d08d52d5e3c1b03813a8ef60bfb0a48e89c0bf92b069cb4d5e
  actionmailer (7.2.3) sha256=68d646b852a6d2b25d8834fc796c3dc10f76a4c7fd77b3251c3f4dd832ec8ab8
  actionpack (7.2.3) sha256=2a14e4c64695777041ea7aaf498462284cadd561f009654393daf9b2de7207cf
  actiontext (7.2.3) sha256=a6ffd9efb7b7b4e26029e5c88e8a2ea9aae8d6cefdfed960be139772f1a94037
  actionview (7.2.3) sha256=1f427d7a41b43804d7250911535740451b9c32b6416239d87e6dab9d5948ecb2
  activejob (7.2.3) sha256=e44964472de267b69e93752f088193c8ad2e56d2ef451d059dd7a53761e5ffb0
  activemodel (7.2.3) sha256=bbaf66aeb93212e98ebf6ab900f8290f9a831645f0b235427f5acf0e074739db
  activerecord (7.2.3) sha256=6facb7478ceb5f6baa9f0647daa50b4a3a43934997900f0011e6c667ff41a0d7
  activestorage (7.2.3) sha256=4c1422bbfaa60c89e7b43cc38ade7bd3b8dc81024c48a21c1ac56814cf34ca2f
  activesupport (7.2.3) sha256=5675c9770dac93e371412684249f9dc3c8cec104efd0624362a520ae685c7b10
  addressable (2.8.9) sha256=cc154fcbe689711808a43601dee7b980238ce54368d23e127421753e46895485
  ast (2.4.3) sha256=954615157c1d6a382bc27d690d973195e79db7f55e9765ac7c481c60bdb4d383
  base64 (0.3.0) sha256=27337aeabad6ffae05c265c450490628ef3ebd4b67be58257393227588f5a97b
  bcrypt (3.1.22) sha256=1f0072e88c2d705d94aff7f2c5cb02eb3f1ec4b8368671e19112527489f29032
  benchmark (0.5.0) sha256=465df122341aedcb81a2a24b4d3bd19b6c67c1530713fd533f3ff034e419236c
  bigdecimal (4.0.1) sha256=8b07d3d065a9f921c80ceaea7c9d4ae596697295b584c296fe599dd0ad01c4a7
  bootstrap (5.3.8) sha256=1c23b06df24ec28a0058ad90a0da93e260d2c0a5c453d7087f6bad428464742f
  brakeman (5.4.1) sha256=dc664d4b5d01dd81608db02ec9b7c383beb65a3169049df2939c4bbbd4edfb73
  builder (3.3.0) sha256=497918d2f9dca528fdca4b88d84e4ef4387256d984b8154e9d5d3fe5a9c8835f
  capybara (3.40.0) sha256=42dba720578ea1ca65fd7a41d163dd368502c191804558f6e0f71b391054aeef
  cgi (0.5.1) sha256=e93fcafc69b8a934fe1e6146121fa35430efa8b4a4047c4893764067036f18e9
  cliver (0.3.2) sha256=8775445218c612bb57f50c392c4906a1ab5cca067eab093bde3cc77d6426ce24
  code_analyzer (0.5.5) sha256=c81533e9986259657acb9b3321d831efb1720ef59eed37e7e5dec56ac368e03e
  codeclimate-test-reporter (1.0.9) sha256=952124ee3f11b209ca7b4ae591701a5ce0c00d7d8c5d053207902637587201c3
  concurrent-ruby (1.3.6) sha256=6b56837e1e7e5292f9864f34b69c5a2cbc75c0cf5338f1ce9903d10fa762d5ab
  connection_pool (3.0.2) sha256=33fff5ba71a12d2aa26cb72b1db8bba2a1a01823559fb01d29eb74c286e62e0a
  crass (1.0.6) sha256=dc516022a56e7b3b156099abc81b6d2b08ea1ed12676ac7a5657617f012bd45d
  cucumber (10.2.0) sha256=fdedbd31ecf40858b60f04853f2aa15c44f5c30bbac29c6a227fa1e7005a8158
  cucumber-ci-environment (11.0.0) sha256=0df79a9e1d0b015b3d9def680f989200d96fef206f4d19ccf86a338c4f71d1e2
  cucumber-core (16.2.0) sha256=592b58a95cf42feef8e5a349f68e363784ba3b6568ffbcf6776e38e136cf970b
  cucumber-cucumber-expressions (19.0.0) sha256=33208ff204732ac9bed42b46993a0a243054f71ece08579d57e53df6a1c9d93a
  cucumber-gherkin (39.0.0) sha256=46f51d87e910f41c3c5cee3b500028ca2b2e7149a413a8280b9a58cee2593e55
  cucumber-html-formatter (22.3.0) sha256=f9768ed05588dbd73a5f3824c2cc648bd86b00206e6972d743af8051281d0729
  cucumber-messages (32.2.0) sha256=42c4056cccf7dd9d07bf678a28b1233efbdaf35789b76b65e071be6b7b00731a
  cucumber-rails (4.0.1) sha256=bd3513ec47dc06188cc05703648cbc3560fb115f3f5cfb8b616065b4d6e8024d
  cucumber-tag-expressions (8.1.0) sha256=9bd8c4b6654f8e5bf2a9c99329b6f32136a75e50cd39d4cfb3927d0fa9f52e21
  dante (0.2.0) sha256=939776f04b4d253ffbbcf53341631aa2ee6e6cf314dedade2e60ac43b40a6fe6
  database_cleaner (2.1.0) sha256=1dcba26e3b1576da692fc6bac10136a4744da5bcc293d248aae19640c65d89cd
  database_cleaner-active_record (2.2.2) sha256=88296b9f3088c31f7c0d4fcec10f68e4b71c96698043916de59b04debec10388
  database_cleaner-core (2.0.1) sha256=8646574c32162e59ed7b5258a97a208d3c44551b854e510994f24683865d846c
  date (3.5.1) sha256=750d06384d7b9c15d562c76291407d89e368dda4d4fff957eb94962d325a0dc0
  devise (4.9.4) sha256=920042fe5e704c548aa4eb65ebdd65980b83ffae67feb32c697206bfd975a7f8
  diff-lcs (1.6.2) sha256=9ae0d2cba7d4df3075fe8cd8602a8604993efc0dfa934cff568969efb1909962
  docile (1.1.5) sha256=5d3ee40b3a6567fe460601f3f4a3e199a98de37434ebfa242d751d0c79181255
  dotenv (2.8.1) sha256=c5944793349ae03c432e1780a2ca929d60b88c7d14d52d630db0508c3a8a17d8
  dotenv-rails (2.8.1) sha256=b05b81b7f4e51d1359e218d92279db1d84b12440f7118c9df19b5dfffb620f6c
  drb (2.2.3) sha256=0b00d6fdb50995fe4a45dea13663493c841112e4068656854646f418fda13373
  erb (6.0.2) sha256=9fe6264d44f79422c87490a1558479bd0e7dad4dd0e317656e67ea3077b5242b
  erubi (1.13.1) sha256=a082103b0885dbc5ecf1172fede897f9ebdb745a4b97a5e8dc63953db1ee4ad9
  erubis (2.7.0) sha256=63653f5174a7997f6f1d6f465fbe1494dcc4bdab1fb8e635f6216989fb1148ba
  factory_bot (6.5.6) sha256=12beb373214dccc086a7a63763d6718c49769d5606f0501e0a4442676917e077
  factory_bot_rails (6.5.1) sha256=d3cc4851eae4dea8a665ec4a4516895045e710554d2b5ac9e68b94d351bc6d68
  ffi (1.17.3-aarch64-linux-gnu) sha256=28ad573df26560f0aedd8a90c3371279a0b2bd0b4e834b16a2baa10bd7a97068
  ffi (1.17.3-aarch64-linux-musl) sha256=020b33b76775b1abacc3b7d86b287cef3251f66d747092deec592c7f5df764b2
  ffi (1.17.3-arm-linux-gnu) sha256=5bd4cea83b68b5ec0037f99c57d5ce2dd5aa438f35decc5ef68a7d085c785668
  ffi (1.17.3-arm-linux-musl) sha256=0d7626bb96265f9af78afa33e267d71cfef9d9a8eb8f5525344f8da6c7d76053
  ffi (1.17.3-arm64-darwin) sha256=0c690555d4cee17a7f07c04d59df39b2fba74ec440b19da1f685c6579bb0717f
  ffi (1.17.3-x86_64-darwin) sha256=1f211811eb5cfaa25998322cdd92ab104bfbd26d1c4c08471599c511f2c00bb5
  ffi (1.17.3-x86_64-linux-gnu) sha256=3746b01f677aae7b16dc1acb7cb3cc17b3e35bdae7676a3f568153fb0e2c887f
  ffi (1.17.3-x86_64-linux-musl) sha256=086b221c3a68320b7564066f46fed23449a44f7a1935f1fe5a245bd89d9aea56
  globalid (1.3.0) sha256=05c639ad6eb4594522a0b07983022f04aa7254626ab69445a0e493aa3786ff11
  i18n (1.14.8) sha256=285778639134865c5e0f6269e0b818256017e8cde89993fdfcbfb64d088824a5
  io-console (0.8.2) sha256=d6e3ae7a7cc7574f4b8893b4fca2162e57a825b223a177b7afa236c5ef9814cc
  irb (1.17.0) sha256=168c4ddb93d8a361a045c41d92b2952c7a118fa73f23fe14e55609eb7a863aae
  json (2.19.2) sha256=e7e1bd318b2c37c4ceee2444841c86539bc462e81f40d134cf97826cb14e83cf
  json-schema (6.2.0) sha256=e8bff46ed845a22c1ab2bd0d7eccf831c01fe23bb3920caa4c74db4306813666
  language_server-protocol (3.17.0.5) sha256=fd1e39a51a28bf3eec959379985a72e296e9f9acfce46f6a79d31ca8760803cc
  lint_roller (1.1.0) sha256=2c0c845b632a7d172cb849cc90c1bce937a28c5c8ccccb50dfd46a485003cc87
  logger (1.7.0) sha256=196edec7cc44b66cfb40f9755ce11b392f21f7967696af15d274dde7edff0203
  loofah (2.25.1) sha256=d436c73dbd0c1147b16c4a41db097942d217303e1f7728704b37e4df9f6d2e04
  mail (2.9.0) sha256=6fa6673ecd71c60c2d996260f9ee3dd387d4673b8169b502134659ece6d34941
  marcel (1.1.0) sha256=fdcfcfa33cc52e93c4308d40e4090a5d4ea279e160a7f6af988260fa970e0bee
  matrix (0.4.3) sha256=a0d5ab7ddcc1973ff690ab361b67f359acbb16958d1dc072b8b956a286564c5b
  mcp (0.9.0) sha256=a0a3737b0ac9df0772f4ef7e2b013c260ddbcf217a5d50a66bff0baeddf03e47
  memoist3 (1.0.0) sha256=686e42402cf150a362050c23143dc57b0ef88f8c344943ff8b7845792b50d56f
  mini_mime (1.1.5) sha256=8681b7e2e4215f2a159f9400b5816d85e9d8c6c6b491e96a12797e798f8bccef
  minitest (6.0.2) sha256=db6e57956f6ecc6134683b4c87467d6dd792323c7f0eea7b93f66bd284adbc3d
  multi_json (1.19.1) sha256=7aefeff8f2c854bf739931a238e4aea64592845e0c0395c8a7d2eea7fdd631b7
  multi_test (1.1.0) sha256=e9e550cdd863fb72becfe344aefdcd4cbd26ebf307847f4a6c039a4082324d10
  net-imap (0.6.3) sha256=9bab75f876596d09ee7bf911a291da478e0cd6badc54dfb82874855ccc82f2ad
  net-pop (0.1.2) sha256=848b4e982013c15b2f0382792268763b748cce91c9e91e36b0f27ed26420dff3
  net-protocol (0.2.2) sha256=aa73e0cba6a125369de9837b8d8ef82a61849360eba0521900e2c3713aa162a8
  net-smtp (0.5.1) sha256=ed96a0af63c524fceb4b29b0d352195c30d82dd916a42f03c62a3a70e5b70736
  nio4r (2.7.5) sha256=6c90168e48fb5f8e768419c93abb94ba2b892a1d0602cb06eef16d8b7df1dca1
  nokogiri (1.19.2-aarch64-linux-gnu) sha256=c34d5c8208025587554608e98fd88ab125b29c80f9352b821964e9a5d5cfbd19
  nokogiri (1.19.2-aarch64-linux-musl) sha256=7f6b4b0202d507326841a4f790294bf75098aef50c7173443812e3ac5cb06515
  nokogiri (1.19.2-arm-linux-gnu) sha256=b7fa1139016f3dc850bda1260988f0d749934a939d04ef2da13bec060d7d5081
  nokogiri (1.19.2-arm-linux-musl) sha256=61114d44f6742ff72194a1b3020967201e2eb982814778d130f6471c11f9828c
  nokogiri (1.19.2-arm64-darwin) sha256=58d8ea2e31a967b843b70487a44c14c8ba1866daa1b9da9be9dbdf1b43dee205
  nokogiri (1.19.2-x86_64-darwin) sha256=7d9af11fda72dfaa2961d8c4d5380ca0b51bc389dc5f8d4b859b9644f195e7a4
  nokogiri (1.19.2-x86_64-linux-gnu) sha256=fa8feca882b73e871a9845f3817a72e9734c8e974bdc4fbad6e4bc6e8076b94f
  nokogiri (1.19.2-x86_64-linux-musl) sha256=93128448e61a9383a30baef041bf1f5817e22f297a1d400521e90294445069a8
  orm_adapter (0.5.0) sha256=aa5d0be5d540cbb46d3a93e88061f4ece6a25f6e97d6a47122beb84fe595e9b9
  paper_trail (12.3.0) sha256=df065454030aecb6d36186725fefe3bbe9c3b7331ff4b1f640428a1ee5c76ffd
  parallel (1.27.0) sha256=4ac151e1806b755fb4e2dc2332cbf0e54f2e24ba821ff2d3dcf86bf6dc4ae130
  parser (3.3.10.2) sha256=6f60c84aa4bdcedb6d1a2434b738fe8a8136807b6adc8f7f53b97da9bc4e9357
  pg (1.6.3) sha256=1388d0563e13d2758c1089e35e973a3249e955c659592d10e5b77c468f628a99
  pg (1.6.3-aarch64-linux) sha256=0698ad563e02383c27510b76bf7d4cd2de19cd1d16a5013f375dd473e4be72ea
  pg (1.6.3-aarch64-linux-musl) sha256=06a75f4ea04b05140146f2a10550b8e0d9f006a79cdaf8b5b130cde40e3ecc2c
  pg (1.6.3-arm64-darwin) sha256=7240330b572e6355d7c75a7de535edb5dfcbd6295d9c7777df4d9dddfb8c0e5f
  pg (1.6.3-x86_64-darwin) sha256=ee2e04a17c0627225054ffeb43e31a95be9d7e93abda2737ea3ce4a62f2729d6
  pg (1.6.3-x86_64-linux) sha256=5d9e188c8f7a0295d162b7b88a768d8452a899977d44f3274d1946d67920ae8d
  pg (1.6.3-x86_64-linux-musl) sha256=9c9c90d98c72f78eb04c0f55e9618fe55d1512128e411035fe229ff427864009
  poltergeist (1.18.1) sha256=25a9d7140e697794fd376d6fea89e6f3ec1706c0f901cab4d1b0ea7bd2058846
  popper_js (2.11.8) sha256=f4b0be717fc0d50bdb3dbbc55788525a9e0e8f640b76c9971fc34ee609eadbd2
  pp (0.6.3) sha256=2951d514450b93ccfeb1df7d021cae0da16e0a7f95ee1e2273719669d0ab9df6
  prettyprint (0.2.0) sha256=2bc9e15581a94742064a3cc8b0fb9d45aae3d03a1baa6ef80922627a0766f193
  prism (1.9.0) sha256=7b530c6a9f92c24300014919c9dcbc055bf4cdf51ec30aed099b06cd6674ef85
  psych (5.3.1) sha256=eb7a57cef10c9d70173ff74e739d843ac3b2c019a003de48447b2963d81b1974
  public_suffix (7.0.5) sha256=1a8bb08f1bbea19228d3bed6e5ed908d1cb4f7c2726d18bd9cadf60bc676f623
  puma (7.2.0) sha256=bf8ef4ab514a4e6d4554cb4326b2004eba5036ae05cf765cfe51aba9706a72a8
  racc (1.8.1) sha256=4a7f6929691dbec8b5209a0b373bc2614882b55fc5d2e447a21aaa691303d62f
  rack (3.2.5) sha256=4cbd0974c0b79f7a139b4812004a62e4c60b145cba76422e288ee670601ed6d3
  rack-proxy (0.7.7) sha256=446a4b57001022145d5c3ba73b775f66a2260eaf7420c6907483141900395c8a
  rack-session (2.1.1) sha256=0b6dc07dea7e4b583f58a48e8b806d4c9f1c6c9214ebc202ec94562cbea2e4e9
  rack-test (2.2.0) sha256=005a36692c306ac0b4a9350355ee080fd09ddef1148a5f8b2ac636c720f5c463
  rackup (2.3.1) sha256=6c79c26753778e90983761d677a48937ee3192b3ffef6bc963c0950f94688868
  rails (7.2.3) sha256=9a9812eb131189676e64665f6883fc9c4051f412cc87ef9e3fa242a09c609bff
  rails-controller-testing (1.0.5) sha256=741448db59366073e86fc965ba403f881c636b79a2c39a48d0486f2607182e94
  rails-dom-testing (2.3.0) sha256=8acc7953a7b911ca44588bf08737bc16719f431a1cc3091a292bca7317925c1d
  rails-html-sanitizer (1.7.0) sha256=28b145cceaf9cc214a9874feaa183c3acba036c9592b19886e0e45efc62b1e89
  rails_12factor (0.0.3) sha256=ee9b88d39966262109fa017dbaac550b80ce224a7266376d42470d391a900ff5
  rails_best_practices (1.23.3) sha256=543ea7d7a26fdb91fb0c54496defaf1b266e3e89ac9e05a879fcd8c4f8b03b0c
  rails_serve_static_assets (0.0.5) sha256=203bf07eaf188512ef5c7e2243285564b29dcf77a0909b9693983495ae1380e9
  rails_stdout_logging (0.0.5) sha256=e57158879cc30a759599b574608b104834f26ffa30e0e77293b5e43c374814f4
  railties (7.2.3) sha256=6eb010a6bfe6f223e783f739ddfcbdb5b88b1f3a87f7739f0a0685e466250422
  rainbow (3.1.1) sha256=039491aa3a89f42efa1d6dec2fc4e62ede96eb6acd95e52f1ad581182b79bc6a
  rake (13.3.1) sha256=8c9e89d09f66a26a01264e7e3480ec0607f0c497a861ef16063604b1b08eb19c
  rdoc (7.2.0) sha256=8650f76cd4009c3b54955eb5d7e3a075c60a57276766ebf36f9085e8c9f23192
  regexp_parser (2.11.3) sha256=ca13f381a173b7a93450e53459075c9b76a10433caadcb2f1180f2c741fc55a4
  reline (0.6.3) sha256=1198b04973565b36ec0f11542ab3f5cfeeec34823f4e54cebde90968092b1835
  request_store (1.7.0) sha256=e1b75d5346a315f452242a68c937ef8e48b215b9453a77a6c0acdca2934c88cb
  require_all (3.0.0) sha256=937853faa2833388eab551107bf7bf87c6bba6b4800bac5ce469eda7b6a9fed0
  responders (3.2.0) sha256=89c2d6ac0ae16f6458a11524cae4a8efdceba1a3baea164d28ee9046bd3df55a
  rspec-core (3.13.6) sha256=a8823c6411667b60a8bca135364351dda34cd55e44ff94c4be4633b37d828b2d
  rspec-expectations (3.13.5) sha256=33a4d3a1d95060aea4c94e9f237030a8f9eae5615e9bd85718fe3a09e4b58836
  rspec-mocks (3.13.8) sha256=086ad3d3d17533f4237643de0b5c42f04b66348c28bf6b9c2d3f4a3b01af1d47
  rspec-rails (6.0.4) sha256=60bbfd7ec06124d0cd3eedcdf1ce31b6faa58bfdd0413ccbadd9db84a168ae0d
  rspec-support (3.13.7) sha256=0640e5570872aafefd79867901deeeeb40b0c9875a36b983d85f54fb7381c47c
  rubocop (1.85.1) sha256=3dbcf9e961baa4c376eeeb2a03913dca5e3987033b04d38fa538aa1e7406cc77
  rubocop-ast (1.49.1) sha256=4412f3ee70f6fe4546cc489548e0f6fcf76cafcfa80fa03af67098ffed755035
  ruby-progressbar (1.13.0) sha256=80fc9c47a9b640d6834e0dc7b3c94c9df37f08cb072b7761e4a71e22cff29b33
  sass-rails (6.0.0) sha256=e0b6448ea1c7929fd5929fc7a8eb2d78045e44cc82fc0765a249d3fa1c5810d3
  sassc (2.4.0) sha256=4c60a2b0a3b36685c83b80d5789401c2f678c1652e3288315a1551d811d9f83e
  sassc-rails (2.1.2) sha256=5f4fdf3881fc9bdc8e856ffbd9850d70a2878866feae8114aa45996179952db5
  securerandom (0.4.1) sha256=cc5193d414a4341b6e225f0cb4446aceca8e50d5e1888743fac16987638ea0b1
  semantic_range (3.1.1) sha256=508333196ef0c7ba33e79579d4df7eb0a41080595e6a655c2515b03d634ec4a9
  sexp_processor (4.17.5) sha256=ae2b48ba98353d5d465ce8759836b7a05f2e12c5879fcd14d7815b026de32f0e
  simplecov (0.13.0) sha256=c78227427eb6b40499d657f2996ec6841f5135468693e55e3d2c976c706f86e4
  simplecov-html (0.10.2) sha256=f65306e2695913c007ddc8d31d6318f37ae074f2ee1cea1647b3bf4c94ca30d2
  sprockets (4.2.2) sha256=761e5a49f1c288704763f73139763564c845a8f856d52fba013458f8af1b59b1
  sprockets-rails (3.5.2) sha256=a9e88e6ce9f8c912d349aa5401509165ec42326baf9e942a85de4b76dbc4119e
  stringio (3.2.0) sha256=c37cb2e58b4ffbd33fe5cd948c05934af997b36e0b6ca6fdf43afa234cf222e1
  stripe (5.55.0) sha256=87236686116db65ce18b8490066afd27413fdb6cee4f9d93e36b80d10488e2a3
  stripe-ruby-mock (3.1.0) sha256=8ed5f22fc407691b127ce7e6c1897dfc017e12de51208ee7b07dd705459c1d2e
  stripe_event (2.14.0) sha256=aa9e5103030745bbef2177938395fefbf2c3f961622c3dfa9a6c3fa4548da075
  sys-uname (1.5.1) sha256=784d7e6491b0393c25cbbe5ac38324ac7be9fda083a6094832648af669386d7b
  tang (0.2.4)
  thor (1.5.0) sha256=e3a9e55fe857e44859ce104a84675ab6e8cd59c650a49106a05f55f136425e73
  tilt (2.7.0) sha256=0d5b9ba69f6a36490c64b0eee9f6e9aad517e20dcc848800a06eb116f08c6ab3
  timeout (0.6.1) sha256=78f57368a7e7bbadec56971f78a3f5ecbcfb59b7fcbb0a3ed6ddc08a5094accb
  tsort (0.2.0) sha256=9650a793f6859a43b6641671278f79cfead60ac714148aabe4e3f0060480089f
  tzinfo (2.0.6) sha256=8daf828cc77bcf7d63b0e3bdb6caa47e2272dcfaf4fbfe46f8c3a9df087a829b
  unicode-display_width (3.2.0) sha256=0cdd96b5681a5949cdbc2c55e7b420facae74c4aaf9a9815eee1087cb1853c42
  unicode-emoji (4.2.0) sha256=519e69150f75652e40bf736106cfbc8f0f73aa3fb6a65afe62fefa7f80b0f80f
  useragent (0.16.11) sha256=700e6413ad4bb954bb63547fa098dddf7b0ebe75b40cc6f93b8d54255b173844
  warden (1.2.9) sha256=46684f885d35a69dbb883deabf85a222c8e427a957804719e143005df7a1efd0
  webpacker (6.0.0.rc.6) sha256=7457f14b384320fcd37169e8493eeef4b100a1b82ceae7dc66ef73de802f2fb8
  websocket-driver (0.8.0) sha256=ed0dba4b943c22f17f9a734817e808bc84cdce6a7e22045f5315aa57676d4962
  websocket-extensions (0.1.5) sha256=1c6ba63092cda343eb53fc657110c71c754c56484aad42578495227d717a8241
  will_paginate (3.3.1) sha256=34e9a8b81037add0c32dafca6a43e7edf95c3ee14f782bb56f07826efbe4a71d
  xpath (3.2.0) sha256=6dfda79d91bb3b949b947ecc5919f042ef2f399b904013eb3ef6d20dd3a4082e
  zeitwerk (2.7.5) sha256=d8da92128c09ea6ec62c949011b00ed4a20242b255293dd66bf41545398f73dd

RUBY VERSION
  ruby 3.2.0

BUNDLED WITH
  4.0.8
